// !$*UTF8*$!
{
	archiveVersion = 1;
	classes = {
	};
	objectVersion = 50;
	objects = {

/* Begin PBXBuildFile section */
		7D2EB0C725B370BF00846B6A /* LandmarksApp.swift in Sources */ = {isa = PBXBuildFile; fileRef = 7D2EB0C625B370BF00846B6A /* LandmarksApp.swift */; };
		7D2EB0C925B370BF00846B6A /* ContentView.swift in Sources */ = {isa = PBXBuildFile; fileRef = 7D2EB0C825B370BF00846B6A /* ContentView.swift */; };
		7D2EB0CB25B370C000846B6A /* Assets.xcassets in Resources */ = {isa = PBXBuildFile; fileRef = 7D2EB0CA25B370C000846B6A /* Assets.xcassets */; };
		7D2EB0CE25B370C000846B6A /* Preview Assets.xcassets in Resources */ = {isa = PBXBuildFile; fileRef = 7D2EB0CD25B370C000846B6A /* Preview Assets.xcassets */; };
		7D2EB0D925B370C100846B6A /* LandmarksTests.swift in Sources */ = {isa = PBXBuildFile; fileRef = 7D2EB0D825B370C100846B6A /* LandmarksTests.swift */; };
		7D2EB0E425B370C100846B6A /* LandmarksUITests.swift in Sources */ = {isa = PBXBuildFile; fileRef = 7D2EB0E325B370C100846B6A /* LandmarksUITests.swift */; };
		7D2EB0FD25B3761000846B6A /* CircleImage.swift in Sources */ = {isa = PBXBuildFile; fileRef = 7D2EB0FC25B3761000846B6A /* CircleImage.swift */; };
		7D2EB10225B376F900846B6A /* MapView.swift in Sources */ = {isa = PBXBuildFile; fileRef = 7D2EB10125B376F900846B6A /* MapView.swift */; };
		7D2EB10725B3825600846B6A /* landmarkData.json in Resources */ = {isa = PBXBuildFile; fileRef = 7D2EB10625B3825600846B6A /* landmarkData.json */; };
		7D2EB10C25B3828000846B6A /* Landmark.swift in Sources */ = {isa = PBXBuildFile; fileRef = 7D2EB10B25B3828000846B6A /* Landmark.swift */; };
		7D2EB11125B391A500846B6A /* ModelData.swift in Sources */ = {isa = PBXBuildFile; fileRef = 7D2EB11025B391A500846B6A /* ModelData.swift */; };
		7D2EB11925B3939400846B6A /* LandmarkRow.swift in Sources */ = {isa = PBXBuildFile; fileRef = 7D2EB11825B3939400846B6A /* LandmarkRow.swift */; };
		7D2EB11E25B395C300846B6A /* LandmarksList.swift in Sources */ = {isa = PBXBuildFile; fileRef = 7D2EB11D25B395C300846B6A /* LandmarksList.swift */; };
		7D2EB12325B3976D00846B6A /* LandmarkDetail.swift in Sources */ = {isa = PBXBuildFile; fileRef = 7D2EB12225B3976D00846B6A /* LandmarkDetail.swift */; };
		7D2EB12B25B3B27800846B6A /* FavoriteButton.swift in Sources */ = {isa = PBXBuildFile; fileRef = 7D2EB12A25B3B27800846B6A /* FavoriteButton.swift */; };
/* End PBXBuildFile section */

/* Begin PBXContainerItemProxy section */
		7D2EB0D525B370C100846B6A /* PBXContainerItemProxy */ = {
			isa = PBXContainerItemProxy;
			containerPortal = 7D2EB0BB25B370BF00846B6A /* Project object */;
			proxyType = 1;
			remoteGlobalIDString = 7D2EB0C225B370BF00846B6A;
			remoteInfo = Landmarks;
		};
		7D2EB0E025B370C100846B6A /* PBXContainerItemProxy */ = {
			isa = PBXContainerItemProxy;
			containerPortal = 7D2EB0BB25B370BF00846B6A /* Project object */;
			proxyType = 1;
			remoteGlobalIDString = 7D2EB0C225B370BF00846B6A;
			remoteInfo = Landmarks;
		};
/* End PBXContainerItemProxy section */

/* Begin PBXFileReference section */
		7D2EB0C325B370BF00846B6A /* Landmarks.app */ = {isa = PBXFileReference; explicitFileType = wrapper.application; includeInIndex = 0; path = Landmarks.app; sourceTree = BUILT_PRODUCTS_DIR; };
		7D2EB0C625B370BF00846B6A /* LandmarksApp.swift */ = {isa = PBXFileReference; lastKnownFileType = sourcecode.swift; path = LandmarksApp.swift; sourceTree = "<group>"; };
		7D2EB0C825B370BF00846B6A /* ContentView.swift */ = {isa = PBXFileReference; lastKnownFileType = sourcecode.swift; path = ContentView.swift; sourceTree = "<group>"; };
		7D2EB0CA25B370C000846B6A /* Assets.xcassets */ = {isa = PBXFileReference; lastKnownFileType = folder.assetcatalog; path = Assets.xcassets; sourceTree = "<group>"; };
		7D2EB0CD25B370C000846B6A /* Preview Assets.xcassets */ = {isa = PBXFileReference; lastKnownFileType = folder.assetcatalog; path = "Preview Assets.xcassets"; sourceTree = "<group>"; };
		7D2EB0CF25B370C000846B6A /* Info.plist */ = {isa = PBXFileReference; lastKnownFileType = text.plist.xml; path = Info.plist; sourceTree = "<group>"; };
		7D2EB0D425B370C100846B6A /* LandmarksTests.xctest */ = {isa = PBXFileReference; explicitFileType = wrapper.cfbundle; includeInIndex = 0; path = LandmarksTests.xctest; sourceTree = BUILT_PRODUCTS_DIR; };
		7D2EB0D825B370C100846B6A /* LandmarksTests.swift */ = {isa = PBXFileReference; lastKnownFileType = sourcecode.swift; path = LandmarksTests.swift; sourceTree = "<group>"; };
		7D2EB0DA25B370C100846B6A /* Info.plist */ = {isa = PBXFileReference; lastKnownFileType = text.plist.xml; path = Info.plist; sourceTree = "<group>"; };
		7D2EB0DF25B370C100846B6A /* LandmarksUITests.xctest */ = {isa = PBXFileReference; explicitFileType = wrapper.cfbundle; includeInIndex = 0; path = LandmarksUITests.xctest; sourceTree = BUILT_PRODUCTS_DIR; };
		7D2EB0E325B370C100846B6A /* LandmarksUITests.swift */ = {isa = PBXFileReference; lastKnownFileType = sourcecode.swift; path = LandmarksUITests.swift; sourceTree = "<group>"; };
		7D2EB0E525B370C100846B6A /* Info.plist */ = {isa = PBXFileReference; lastKnownFileType = text.plist.xml; path = Info.plist; sourceTree = "<group>"; };
		7D2EB0FC25B3761000846B6A /* CircleImage.swift */ = {isa = PBXFileReference; lastKnownFileType = sourcecode.swift; path = CircleImage.swift; sourceTree = "<group>"; };
		7D2EB10125B376F900846B6A /* MapView.swift */ = {isa = PBXFileReference; lastKnownFileType = sourcecode.swift; path = MapView.swift; sourceTree = "<group>"; };
		7D2EB10625B3825600846B6A /* landmarkData.json */ = {isa = PBXFileReference; fileEncoding = 4; lastKnownFileType = text.json; path = landmarkData.json; sourceTree = "<group>"; };
		7D2EB10B25B3828000846B6A /* Landmark.swift */ = {isa = PBXFileReference; lastKnownFileType = sourcecode.swift; path = Landmark.swift; sourceTree = "<group>"; };
		7D2EB11025B391A500846B6A /* ModelData.swift */ = {isa = PBXFileReference; lastKnownFileType = sourcecode.swift; path = ModelData.swift; sourceTree = "<group>"; };
		7D2EB11825B3939400846B6A /* LandmarkRow.swift */ = {isa = PBXFileReference; lastKnownFileType = sourcecode.swift; path = LandmarkRow.swift; sourceTree = "<group>"; };
		7D2EB11D25B395C300846B6A /* LandmarksList.swift */ = {isa = PBXFileReference; lastKnownFileType = sourcecode.swift; path = LandmarksList.swift; sourceTree = "<group>"; };
		7D2EB12225B3976D00846B6A /* LandmarkDetail.swift */ = {isa = PBXFileReference; lastKnownFileType = sourcecode.swift; path = LandmarkDetail.swift; sourceTree = "<group>"; };
		7D2EB12A25B3B27800846B6A /* FavoriteButton.swift */ = {isa = PBXFileReference; lastKnownFileType = sourcecode.swift; path = FavoriteButton.swift; sourceTree = "<group>"; };
/* End PBXFileReference section */

/* Begin PBXFrameworksBuildPhase section */
		7D2EB0C025B370BF00846B6A /* Frameworks */ = {
			isa = PBXFrameworksBuildPhase;
			buildActionMask = 2147483647;
			files = (
			);
			runOnlyForDeploymentPostprocessing = 0;
		};
		7D2EB0D125B370C100846B6A /* Frameworks */ = {
			isa = PBXFrameworksBuildPhase;
			buildActionMask = 2147483647;
			files = (
			);
			runOnlyForDeploymentPostprocessing = 0;
		};
		7D2EB0DC25B370C100846B6A /* Frameworks */ = {
			isa = PBXFrameworksBuildPhase;
			buildActionMask = 2147483647;
			files = (
			);
			runOnlyForDeploymentPostprocessing = 0;
		};
/* End PBXFrameworksBuildPhase section */

/* Begin PBXGroup section */
		7D2EB0BA25B370BF00846B6A = {
			isa = PBXGroup;
			children = (
				7D2EB0C525B370BF00846B6A /* Landmarks */,
				7D2EB0D725B370C100846B6A /* LandmarksTests */,
				7D2EB0E225B370C100846B6A /* LandmarksUITests */,
				7D2EB0C425B370BF00846B6A /* Products */,
			);
			sourceTree = "<group>";
		};
		7D2EB0C425B370BF00846B6A /* Products */ = {
			isa = PBXGroup;
			children = (
				7D2EB0C325B370BF00846B6A /* Landmarks.app */,
				7D2EB0D425B370C100846B6A /* LandmarksTests.xctest */,
				7D2EB0DF25B370C100846B6A /* LandmarksUITests.xctest */,
			);
			name = Products;
			sourceTree = "<group>";
		};
		7D2EB0C525B370BF00846B6A /* Landmarks */ = {
			isa = PBXGroup;
			children = (
				7D2EB0C625B370BF00846B6A /* LandmarksApp.swift */,
				7D2EB11725B3934B00846B6A /* Views */,
				7D2EB11625B3931600846B6A /* Resources */,
				7D2EB11525B3930B00846B6A /* Model */,
				7D2EB0CA25B370C000846B6A /* Assets.xcassets */,
				7D2EB0CF25B370C000846B6A /* Info.plist */,
				7D2EB0CC25B370C000846B6A /* Preview Content */,
			);
			path = Landmarks;
			sourceTree = "<group>";
		};
		7D2EB0CC25B370C000846B6A /* Preview Content */ = {
			isa = PBXGroup;
			children = (
				7D2EB0CD25B370C000846B6A /* Preview Assets.xcassets */,
			);
			path = "Preview Content";
			sourceTree = "<group>";
		};
		7D2EB0D725B370C100846B6A /* LandmarksTests */ = {
			isa = PBXGroup;
			children = (
				7D2EB0D825B370C100846B6A /* LandmarksTests.swift */,
				7D2EB0DA25B370C100846B6A /* Info.plist */,
			);
			path = LandmarksTests;
			sourceTree = "<group>";
		};
		7D2EB0E225B370C100846B6A /* LandmarksUITests */ = {
			isa = PBXGroup;
			children = (
				7D2EB0E325B370C100846B6A /* LandmarksUITests.swift */,
				7D2EB0E525B370C100846B6A /* Info.plist */,
			);
			path = LandmarksUITests;
			sourceTree = "<group>";
		};
		7D2EB11525B3930B00846B6A /* Model */ = {
			isa = PBXGroup;
			children = (
				7D2EB11025B391A500846B6A /* ModelData.swift */,
				7D2EB10B25B3828000846B6A /* Landmark.swift */,
			);
			path = Model;
			sourceTree = "<group>";
		};
		7D2EB11625B3931600846B6A /* Resources */ = {
			isa = PBXGroup;
			children = (
				7D2EB10625B3825600846B6A /* landmarkData.json */,
			);
			path = Resources;
			sourceTree = "<group>";
		};
		7D2EB11725B3934B00846B6A /* Views */ = {
			isa = PBXGroup;
			children = (
				7D2EB13025B3B32700846B6A /* LandMarks */,
				7D2EB12F25B3B30400846B6A /* Helpers */,
				7D2EB0C825B370BF00846B6A /* ContentView.swift */,
			);
			path = Views;
			sourceTree = "<group>";
		};
		7D2EB12F25B3B30400846B6A /* Helpers */ = {
			isa = PBXGroup;
			children = (
				7D2EB0FC25B3761000846B6A /* CircleImage.swift */,
				7D2EB12A25B3B27800846B6A /* FavoriteButton.swift */,
				7D2EB10125B376F900846B6A /* MapView.swift */,
			);
			path = Helpers;
			sourceTree = "<group>";
		};
		7D2EB13025B3B32700846B6A /* LandMarks */ = {
			isa = PBXGroup;
			children = (
				7D2EB12225B3976D00846B6A /* LandmarkDetail.swift */,
				7D2EB11825B3939400846B6A /* LandmarkRow.swift */,
				7D2EB11D25B395C300846B6A /* LandmarksList.swift */,
			);
			path = LandMarks;
			sourceTree = "<group>";
		};
/* End PBXGroup section */

/* Begin PBXNativeTarget section */
		7D2EB0C225B370BF00846B6A /* Landmarks */ = {
			isa = PBXNativeTarget;
			buildConfigurationList = 7D2EB0E825B370C100846B6A /* Build configuration list for PBXNativeTarget "Landmarks" */;
			buildPhases = (
				7D2EB0BF25B370BF00846B6A /* Sources */,
				7D2EB0C025B370BF00846B6A /* Frameworks */,
				7D2EB0C125B370BF00846B6A /* Resources */,
			);
			buildRules = (
			);
			dependencies = (
			);
			name = Landmarks;
			productName = Landmarks;
			productReference = 7D2EB0C325B370BF00846B6A /* Landmarks.app */;
			productType = "com.apple.product-type.application";
		};
		7D2EB0D325B370C100846B6A /* LandmarksTests */ = {
			isa = PBXNativeTarget;
			buildConfigurationList = 7D2EB0EB25B370C100846B6A /* Build configuration list for PBXNativeTarget "LandmarksTests" */;
			buildPhases = (
				7D2EB0D025B370C100846B6A /* Sources */,
				7D2EB0D125B370C100846B6A /* Frameworks */,
				7D2EB0D225B370C100846B6A /* Resources */,
			);
			buildRules = (
			);
			dependencies = (
				7D2EB0D625B370C100846B6A /* PBXTargetDependency */,
			);
			name = LandmarksTests;
			productName = LandmarksTests;
			productReference = 7D2EB0D425B370C100846B6A /* LandmarksTests.xctest */;
			productType = "com.apple.product-type.bundle.unit-test";
		};
		7D2EB0DE25B370C100846B6A /* LandmarksUITests */ = {
			isa = PBXNativeTarget;
			buildConfigurationList = 7D2EB0EE25B370C100846B6A /* Build configuration list for PBXNativeTarget "LandmarksUITests" */;
			buildPhases = (
				7D2EB0DB25B370C100846B6A /* Sources */,
				7D2EB0DC25B370C100846B6A /* Frameworks */,
				7D2EB0DD25B370C100846B6A /* Resources */,
			);
			buildRules = (
			);
			dependencies = (
				7D2EB0E125B370C100846B6A /* PBXTargetDependency */,
			);
			name = LandmarksUITests;
			productName = LandmarksUITests;
			productReference = 7D2EB0DF25B370C100846B6A /* LandmarksUITests.xctest */;
			productType = "com.apple.product-type.bundle.ui-testing";
		};
/* End PBXNativeTarget section */

/* Begin PBXProject section */
		7D2EB0BB25B370BF00846B6A /* Project object */ = {
			isa = PBXProject;
			attributes = {
				LastSwiftUpdateCheck = 1220;
				LastUpgradeCheck = 1220;
				TargetAttributes = {
					7D2EB0C225B370BF00846B6A = {
						CreatedOnToolsVersion = 12.2;
					};
					7D2EB0D325B370C100846B6A = {
						CreatedOnToolsVersion = 12.2;
						TestTargetID = 7D2EB0C225B370BF00846B6A;
					};
					7D2EB0DE25B370C100846B6A = {
						CreatedOnToolsVersion = 12.2;
						TestTargetID = 7D2EB0C225B370BF00846B6A;
					};
				};
			};
			buildConfigurationList = 7D2EB0BE25B370BF00846B6A /* Build configuration list for PBXProject "Landmarks" */;
			compatibilityVersion = "Xcode 9.3";
			developmentRegion = en;
			hasScannedForEncodings = 0;
			knownRegions = (
				en,
				Base,
			);
			mainGroup = 7D2EB0BA25B370BF00846B6A;
			productRefGroup = 7D2EB0C425B370BF00846B6A /* Products */;
			projectDirPath = "";
			projectRoot = "";
			targets = (
				7D2EB0C225B370BF00846B6A /* Landmarks */,
				7D2EB0D325B370C100846B6A /* LandmarksTests */,
				7D2EB0DE25B370C100846B6A /* LandmarksUITests */,
			);
		};
/* End PBXProject section */

/* Begin PBXResourcesBuildPhase section */
		7D2EB0C125B370BF00846B6A /* Resources */ = {
			isa = PBXResourcesBuildPhase;
			buildActionMask = 2147483647;
			files = (
				7D2EB0CE25B370C000846B6A /* Preview Assets.xcassets in Resources */,
				7D2EB0CB25B370C000846B6A /* Assets.xcassets in Resources */,
				7D2EB10725B3825600846B6A /* landmarkData.json in Resources */,
			);
			runOnlyForDeploymentPostprocessing = 0;
		};
		7D2EB0D225B370C100846B6A /* Resources */ = {
			isa = PBXResourcesBuildPhase;
			buildActionMask = 2147483647;
			files = (
			);
			runOnlyForDeploymentPostprocessing = 0;
		};
		7D2EB0DD25B370C100846B6A /* Resources */ = {
			isa = PBXResourcesBuildPhase;
			buildActionMask = 2147483647;
			files = (
			);
			runOnlyForDeploymentPostprocessing = 0;
		};
/* End PBXResourcesBuildPhase section */

/* Begin PBXSourcesBuildPhase section */
		7D2EB0BF25B370BF00846B6A /* Sources */ = {
			isa = PBXSourcesBuildPhase;
			buildActionMask = 2147483647;
			files = (
				7D2EB0C925B370BF00846B6A /* ContentView.swift in Sources */,
				7D2EB10225B376F900846B6A /* MapView.swift in Sources */,
				7D2EB0C725B370BF00846B6A /* LandmarksApp.swift in Sources */,
				7D2EB12B25B3B27800846B6A /* FavoriteButton.swift in Sources */,
				7D2EB0FD25B3761000846B6A /* CircleImage.swift in Sources */,
				7D2EB12325B3976D00846B6A /* LandmarkDetail.swift in Sources */,
				7D2EB10C25B3828000846B6A /* Landmark.swift in Sources */,
				7D2EB11925B3939400846B6A /* LandmarkRow.swift in Sources */,
				7D2EB11125B391A500846B6A /* ModelData.swift in Sources */,
				7D2EB11E25B395C300846B6A /* LandmarksList.swift in Sources */,
			);
			runOnlyForDeploymentPostprocessing = 0;
		};
		7D2EB0D025B370C100846B6A /* Sources */ = {
			isa = PBXSourcesBuildPhase;
			buildActionMask = 2147483647;
			files = (
				7D2EB0D925B370C100846B6A /* LandmarksTests.swift in Sources */,
			);
			runOnlyForDeploymentPostprocessing = 0;
		};
		7D2EB0DB25B370C100846B6A /* Sources */ = {
			isa = PBXSourcesBuildPhase;
			buildActionMask = 2147483647;
			files = (
				7D2EB0E425B370C100846B6A /* LandmarksUITests.swift in Sources */,
			);
			runOnlyForDeploymentPostprocessing = 0;
		};
/* End PBXSourcesBuildPhase section */

/* Begin PBXTargetDependency section */
		7D2EB0D625B370C100846B6A /* PBXTargetDependency */ = {
			isa = PBXTargetDependency;
			target = 7D2EB0C225B370BF00846B6A /* Landmarks */;
			targetProxy = 7D2EB0D525B370C100846B6A /* PBXContainerItemProxy */;
		};
		7D2EB0E125B370C100846B6A /* PBXTargetDependency */ = {
			isa = PBXTargetDependency;
			target = 7D2EB0C225B370BF00846B6A /* Landmarks */;
			targetProxy = 7D2EB0E025B370C100846B6A /* PBXContainerItemProxy */;
		};
/* End PBXTargetDependency section */

/* Begin XCBuildConfiguration section */
		7D2EB0E625B370C100846B6A /* Debug */ = {
			isa = XCBuildConfiguration;
			buildSettings = {
				ALWAYS_SEARCH_USER_PATHS = NO;
				CLANG_ANALYZER_NONNULL = YES;
				CLANG_ANALYZER_NUMBER_OBJECT_CONVERSION = YES_AGGRESSIVE;
				CLANG_CXX_LANGUAGE_STANDARD = "gnu++14";
				CLANG_CXX_LIBRARY = "libc++";
				CLANG_ENABLE_MODULES = YES;
				CLANG_ENABLE_OBJC_ARC = YES;
				CLANG_ENABLE_OBJC_WEAK = YES;
				CLANG_WARN_BLOCK_CAPTURE_AUTORELEASING = YES;
				CLANG_WARN_BOOL_CONVERSION = YES;
				CLANG_WARN_COMMA = YES;
				CLANG_WARN_CONSTANT_CONVERSION = YES;
				CLANG_WARN_DEPRECATED_OBJC_IMPLEMENTATIONS = YES;
				CLANG_WARN_DIRECT_OBJC_ISA_USAGE = YES_ERROR;
				CLANG_WARN_DOCUMENTATION_COMMENTS = YES;
				CLANG_WARN_EMPTY_BODY = YES;
				CLANG_WARN_ENUM_CONVERSION = YES;
				CLANG_WARN_INFINITE_RECURSION = YES;
				CLANG_WARN_INT_CONVERSION = YES;
				CLANG_WARN_NON_LITERAL_NULL_CONVERSION = YES;
				CLANG_WARN_OBJC_IMPLICIT_RETAIN_SELF = YES;
				CLANG_WARN_OBJC_LITERAL_CONVERSION = YES;
				CLANG_WARN_OBJC_ROOT_CLASS = YES_ERROR;
				CLANG_WARN_QUOTED_INCLUDE_IN_FRAMEWORK_HEADER = YES;
				CLANG_WARN_RANGE_LOOP_ANALYSIS = YES;
				CLANG_WARN_STRICT_PROTOTYPES = YES;
				CLANG_WARN_SUSPICIOUS_MOVE = YES;
				CLANG_WARN_UNGUARDED_AVAILABILITY = YES_AGGRESSIVE;
				CLANG_WARN_UNREACHABLE_CODE = YES;
				CLANG_WARN__DUPLICATE_METHOD_MATCH = YES;
				COPY_PHASE_STRIP = NO;
				DEBUG_INFORMATION_FORMAT = dwarf;
				ENABLE_STRICT_OBJC_MSGSEND = YES;
				ENABLE_TESTABILITY = YES;
				GCC_C_LANGUAGE_STANDARD = gnu11;
				GCC_DYNAMIC_NO_PIC = NO;
				GCC_NO_COMMON_BLOCKS = YES;
				GCC_OPTIMIZATION_LEVEL = 0;
				GCC_PREPROCESSOR_DEFINITIONS = (
					"DEBUG=1",
					"$(inherited)",
				);
				GCC_WARN_64_TO_32_BIT_CONVERSION = YES;
				GCC_WARN_ABOUT_RETURN_TYPE = YES_ERROR;
				GCC_WARN_UNDECLARED_SELECTOR = YES;
				GCC_WARN_UNINITIALIZED_AUTOS = YES_AGGRESSIVE;
				GCC_WARN_UNUSED_FUNCTION = YES;
				GCC_WARN_UNUSED_VARIABLE = YES;
				IPHONEOS_DEPLOYMENT_TARGET = 14.2;
				MTL_ENABLE_DEBUG_INFO = INCLUDE_SOURCE;
				MTL_FAST_MATH = YES;
				ONLY_ACTIVE_ARCH = YES;
				SDKROOT = iphoneos;
				SWIFT_ACTIVE_COMPILATION_CONDITIONS = DEBUG;
				SWIFT_OPTIMIZATION_LEVEL = "-Onone";
			};
			name = Debug;
		};
		7D2EB0E725B370C100846B6A /* Release */ = {
			isa = XCBuildConfiguration;
			buildSettings = {
				ALWAYS_SEARCH_USER_PATHS = NO;
				CLANG_ANALYZER_NONNULL = YES;
				CLANG_ANALYZER_NUMBER_OBJECT_CONVERSION = YES_AGGRESSIVE;
				CLANG_CXX_LANGUAGE_STANDARD = "gnu++14";
				CLANG_CXX_LIBRARY = "libc++";
				CLANG_ENABLE_MODULES = YES;
				CLANG_ENABLE_OBJC_ARC = YES;
				CLANG_ENABLE_OBJC_WEAK = YES;
				CLANG_WARN_BLOCK_CAPTURE_AUTORELEASING = YES;
				CLANG_WARN_BOOL_CONVERSION = YES;
				CLANG_WARN_COMMA = YES;
				CLANG_WARN_CONSTANT_CONVERSION = YES;
				CLANG_WARN_DEPRECATED_OBJC_IMPLEMENTATIONS = YES;
				CLANG_WARN_DIRECT_OBJC_ISA_USAGE = YES_ERROR;
				CLANG_WARN_DOCUMENTATION_COMMENTS = YES;
				CLANG_WARN_EMPTY_BODY = YES;
				CLANG_WARN_ENUM_CONVERSION = YES;
				CLANG_WARN_INFINITE_RECURSION = YES;
				CLANG_WARN_INT_CONVERSION = YES;
				CLANG_WARN_NON_LITERAL_NULL_CONVERSION = YES;
				CLANG_WARN_OBJC_IMPLICIT_RETAIN_SELF = YES;
				CLANG_WARN_OBJC_LITERAL_CONVERSION = YES;
				CLANG_WARN_OBJC_ROOT_CLASS = YES_ERROR;
				CLANG_WARN_QUOTED_INCLUDE_IN_FRAMEWORK_HEADER = YES;
				CLANG_WARN_RANGE_LOOP_ANALYSIS = YES;
				CLANG_WARN_STRICT_PROTOTYPES = YES;
				CLANG_WARN_SUSPICIOUS_MOVE = YES;
				CLANG_WARN_UNGUARDED_AVAILABILITY = YES_AGGRESSIVE;
				CLANG_WARN_UNREACHABLE_CODE = YES;
				CLANG_WARN__DUPLICATE_METHOD_MATCH = YES;
				COPY_PHASE_STRIP = NO;
				DEBUG_INFORMATION_FORMAT = "dwarf-with-dsym";
				ENABLE_NS_ASSERTIONS = NO;
				ENABLE_STRICT_OBJC_MSGSEND = YES;
				GCC_C_LANGUAGE_STANDARD = gnu11;
				GCC_NO_COMMON_BLOCKS = YES;
				GCC_WARN_64_TO_32_BIT_CONVERSION = YES;
				GCC_WARN_ABOUT_RETURN_TYPE = YES_ERROR;
				GCC_WARN_UNDECLARED_SELECTOR = YES;
				GCC_WARN_UNINITIALIZED_AUTOS = YES_AGGRESSIVE;
				GCC_WARN_UNUSED_FUNCTION = YES;
				GCC_WARN_UNUSED_VARIABLE = YES;
				IPHONEOS_DEPLOYMENT_TARGET = 14.2;
				MTL_ENABLE_DEBUG_INFO = NO;
				MTL_FAST_MATH = YES;
				SDKROOT = iphoneos;
				SWIFT_COMPILATION_MODE = wholemodule;
				SWIFT_OPTIMIZATION_LEVEL = "-O";
				VALIDATE_PRODUCT = YES;
			};
			name = Release;
		};
		7D2EB0E925B370C100846B6A /* Debug */ = {
			isa = XCBuildConfiguration;
			buildSettings = {
				ASSETCATALOG_COMPILER_APPICON_NAME = AppIcon;
				ASSETCATALOG_COMPILER_GLOBAL_ACCENT_COLOR_NAME = AccentColor;
				CODE_SIGN_STYLE = Automatic;
				DEVELOPMENT_ASSET_PATHS = "\"Landmarks/Preview Content\"";
				DEVELOPMENT_TEAM = Z8M46356D8;
				ENABLE_PREVIEWS = YES;
				INFOPLIST_FILE = Landmarks/Info.plist;
				IPHONEOS_DEPLOYMENT_TARGET = 14.0;
				LD_RUNPATH_SEARCH_PATHS = (
					"$(inherited)",
					"@executable_path/Frameworks",
				);
				PRODUCT_BUNDLE_IDENTIFIER = yup.Landmarks;
				PRODUCT_NAME = "$(TARGET_NAME)";
				SWIFT_VERSION = 5.0;
				TARGETED_DEVICE_FAMILY = "1,2";
			};
			name = Debug;
		};
		7D2EB0EA25B370C100846B6A /* Release */ = {
			isa = XCBuildConfiguration;
			buildSettings = {
				ASSETCATALOG_COMPILER_APPICON_NAME = AppIcon;
				ASSETCATALOG_COMPILER_GLOBAL_ACCENT_COLOR_NAME = AccentColor;
				CODE_SIGN_STYLE = Automatic;
				DEVELOPMENT_ASSET_PATHS = "\"Landmarks/Preview Content\"";
				DEVELOPMENT_TEAM = Z8M46356D8;
				ENABLE_PREVIEWS = YES;
				INFOPLIST_FILE = Landmarks/Info.plist;
				IPHONEOS_DEPLOYMENT_TARGET = 14.0;
				LD_RUNPATH_SEARCH_PATHS = (
					"$(inherited)",
					"@executable_path/Frameworks",
				);
				PRODUCT_BUNDLE_IDENTIFIER = yup.Landmarks;
				PRODUCT_NAME = "$(TARGET_NAME)";
				SWIFT_VERSION = 5.0;
				TARGETED_DEVICE_FAMILY = "1,2";
			};
			name = Release;
		};
		7D2EB0EC25B370C100846B6A /* Debug */ = {
			isa = XCBuildConfiguration;
			buildSettings = {
				ALWAYS_EMBED_SWIFT_STANDARD_LIBRARIES = YES;
				BUNDLE_LOADER = "$(TEST_HOST)";
				CODE_SIGN_STYLE = Automatic;
				DEVELOPMENT_TEAM = Z8M46356D8;
				INFOPLIST_FILE = LandmarksTests/Info.plist;
				IPHONEOS_DEPLOYMENT_TARGET = 14.0;
				LD_RUNPATH_SEARCH_PATHS = (
					"$(inherited)",
					"@executable_path/Frameworks",
					"@loader_path/Frameworks",
				);
				PRODUCT_BUNDLE_IDENTIFIER = yup.LandmarksTests;
				PRODUCT_NAME = "$(TARGET_NAME)";
				SWIFT_VERSION = 5.0;
				TARGETED_DEVICE_FAMILY = "1,2";
				TEST_HOST = "$(BUILT_PRODUCTS_DIR)/Landmarks.app/Landmarks";
			};
			name = Debug;
		};
		7D2EB0ED25B370C100846B6A /* Release */ = {
			isa = XCBuildConfiguration;
			buildSettings = {
				ALWAYS_EMBED_SWIFT_STANDARD_LIBRARIES = YES;
				BUNDLE_LOADER = "$(TEST_HOST)";
				CODE_SIGN_STYLE = Automatic;
				DEVELOPMENT_TEAM = Z8M46356D8;
				INFOPLIST_FILE = LandmarksTests/Info.plist;
				IPHONEOS_DEPLOYMENT_TARGET = 14.0;
				LD_RUNPATH_SEARCH_PATHS = (
					"$(inherited)",
					"@executable_path/Frameworks",
					"@loader_path/Frameworks",
				);
				PRODUCT_BUNDLE_IDENTIFIER = yup.LandmarksTests;
				PRODUCT_NAME = "$(TARGET_NAME)";
				SWIFT_VERSION = 5.0;
				TARGETED_DEVICE_FAMILY = "1,2";
				TEST_HOST = "$(BUILT_PRODUCTS_DIR)/Landmarks.app/Landmarks";
			};
			name = Release;
		};
		7D2EB0EF25B370C100846B6A /* Debug */ = {
			isa = XCBuildConfiguration;
			buildSettings = {
				ALWAYS_EMBED_SWIFT_STANDARD_LIBRARIES = YES;
				CODE_SIGN_STYLE = Automatic;
				DEVELOPMENT_TEAM = Z8M46356D8;
				INFOPLIST_FILE = LandmarksUITests/Info.plist;
				LD_RUNPATH_SEARCH_PATHS = (
					"$(inherited)",
					"@executable_path/Frameworks",
					"@loader_path/Frameworks",
				);
				PRODUCT_BUNDLE_IDENTIFIER = yup.LandmarksUITests;
				PRODUCT_NAME = "$(TARGET_NAME)";
				SWIFT_VERSION = 5.0;
				TARGETED_DEVICE_FAMILY = "1,2";
				TEST_TARGET_NAME = Landmarks;
			};
			name = Debug;
		};
		7D2EB0F025B370C100846B6A /* Release */ = {
			isa = XCBuildConfiguration;
			buildSettings = {
				ALWAYS_EMBED_SWIFT_STANDARD_LIBRARIES = YES;
				CODE_SIGN_STYLE = Automatic;
				DEVELOPMENT_TEAM = Z8M46356D8;
				INFOPLIST_FILE = LandmarksUITests/Info.plist;
				LD_RUNPATH_SEARCH_PATHS = (
					"$(inherited)",
					"@executable_path/Frameworks",
					"@loader_path/Frameworks",
				);
				PRODUCT_BUNDLE_IDENTIFIER = yup.LandmarksUITests;
				PRODUCT_NAME = "$(TARGET_NAME)";
				SWIFT_VERSION = 5.0;
				TARGETED_DEVICE_FAMILY = "1,2";
				TEST_TARGET_NAME = Landmarks;
			};
			name = Release;
		};
/* End XCBuildConfiguration section */

/* Begin XCConfigurationList section */
		7D2EB0BE25B370BF00846B6A /* Build configuration list for PBXProject "Landmarks" */ = {
			isa = XCConfigurationList;
			buildConfigurations = (
				7D2EB0E625B370C100846B6A /* Debug */,
				7D2EB0E725B370C100846B6A /* Release */,
			);
			defaultConfigurationIsVisible = 0;
			defaultConfigurationName = Release;
		};
		7D2EB0E825B370C100846B6A /* Build configuration list for PBXNativeTarget "Landmarks" */ = {
			isa = XCConfigurationList;
			buildConfigurations = (
				7D2EB0E925B370C100846B6A /* Debug */,
				7D2EB0EA25B370C100846B6A /* Release */,
			);
			defaultConfigurationIsVisible = 0;
			defaultConfigurationName = Release;
		};
		7D2EB0EB25B370C100846B6A /* Build configuration list for PBXNativeTarget "LandmarksTests" */ = {
			isa = XCConfigurationList;
			buildConfigurations = (
				7D2EB0EC25B370C100846B6A /* Debug */,
				7D2EB0ED25B370C100846B6A /* Release */,
			);
			defaultConfigurationIsVisible = 0;
			defaultConfigurationName = Release;
		};
		7D2EB0EE25B370C100846B6A /* Build configuration list for PBXNativeTarget "LandmarksUITests" */ = {
			isa = XCConfigurationList;
			buildConfigurations = (
				7D2EB0EF25B370C100846B6A /* Debug */,
				7D2EB0F025B370C100846B6A /* Release */,
			);
			defaultConfigurationIsVisible = 0;
			defaultConfigurationName = Release;
		};
/* End XCConfigurationList section */
	};
	rootObject = 7D2EB0BB25B370BF00846B6A /* Project object */;
}
